
Microsoft Visual Studio Solution File, Format Version 12.00
# Visual Studio Version 16
VisualStudioVersion = 16.0.32002.261
MinimumVisualStudioVersion = 10.0.40219.1
Project("{FAE04EC0-301F-11D3-BF4B-00C04F79EFBC}") = "Console_Testes", "Console_Testes.csproj", "{DE9BB88F-EAE7-4BB0-BBD8-FA2669050602}"
EndProject
Global
	GlobalSection(SolutionConfigurationPlatforms) = preSolution
		Debug|Any CPU = Debug|Any CPU
		Release|Any CPU = Release|Any CPU
	EndGlobalSection
	GlobalSection(ProjectConfigurationPlatforms) = postSolution
		{DE9BB88F-EAE7-4BB0-BBD8-FA2669050602}.Debug|Any CPU.ActiveCfg = Debug|Any CPU
		{DE9BB88F-EAE7-4BB0-BBD8-FA2669050602}.Debug|Any CPU.Build.0 = Debug|Any CPU
		{DE9BB88F-EAE7-4BB0-BBD8-FA2669050602}.Release|Any CPU.ActiveCfg = Release|Any CPU
		{DE9BB88F-EAE7-4BB0-BBD8-FA2669050602}.Release|Any CPU.Build.0 = Release|Any CPU
	EndGlobalSection
	GlobalSection(SolutionProperties) = preSolution
		HideSolutionNode = FALSE
	EndGlobalSection
	GlobalSection(ExtensibilityGlobals) = postSolution
		SolutionGuid = {3BF2EBF7-6323-45C4-A8B4-3A9613662B60}
	EndGlobalSection
EndGlobal
